// !$*UTF8*$!
{
	archiveVersion = 1;
	classes = {
	};
	objectVersion = 110;
	objects = {

/* Begin PBXContainerItemProxy section */
		F1BE54F5307741A40094D53B /* PBXContainerItemProxy */ = {
			isa = PBXContainerItemProxy;
			containerPortal = F1BE54DF307741A10094D53B /* Project object */;
			proxyType = 1;
			remoteGlobalIDString = F1BE54E6307741A10094D53B;
			remoteInfo = TransferLab;
		};
		F1BE54FF307741A40094D53B /* PBXContainerItemProxy */ = {
			isa = PBXContainerItemProxy;
			containerPortal = F1BE54DF307741A10094D53B /* Project object */;
			proxyType = 1;
			remoteGlobalIDString = F1BE54E6307741A10094D53B;
			remoteInfo = TransferLab;
		};
/* End PBXContainerItemProxy section */

/* Begin PBXFileReference section */
		F1BE54E7307741A10094D53B /* TransferLab.app */ = {isa = PBXFileReference; explicitFileType = wrapper.application; includeInIndex = 0; path = TransferLab.app; sourceTree = BUILT_PRODUCTS_DIR; };
		F1BE54F4307741A40094D53B /* TransferLabTests.xctest */ = {isa = PBXFileReference; explicitFileType = wrapper.cfbundle; includeInIndex = 0; path = TransferLabTests.xctest; sourceTree = BUILT_PRODUCTS_DIR; };
		F1BE54FE307741A40094D53B /* TransferLabUITests.xctest */ = {isa = PBXFileReference; explicitFileType = wrapper.cfbundle; includeInIndex = 0; path = TransferLabUITests.xctest; sourceTree = BUILT_PRODUCTS_DIR; };
/* End PBXFileReference section */

/* Begin PBXFileSystemSynchronizedRootGroup section */
		F1BE54E9307741A10094D53B /* TransferLab */ = {
			isa = PBXFileSystemSynchronizedRootGroup;
			path = TransferLab;
			sourceTree = "<group>";
		};
		F1BE54F7307741A40094D53B /* TransferLabTests */ = {
			isa = PBXFileSystemSynchronizedRootGroup;
			path = TransferLabTests;
			sourceTree = "<group>";
		};
		F1BE5501307741A40094D53B /* TransferLabUITests */ = {
			isa = PBXFileSystemSynchronizedRootGroup;
			path = TransferLabUITests;
			sourceTree = "<group>";
		};
/* End PBXFileSystemSynchronizedRootGroup section */

/* Begin PBXFrameworksBuildPhase section */
		F1BE54E4307741A10094D53B /* Frameworks */ = {
			isa = PBXFrameworksBuildPhase;
			files = (
			);
		};
		F1BE54F1307741A40094D53B /* Frameworks */ = {
			isa = PBXFrameworksBuildPhase;
			files = (
			);
		};
		F1BE54FB307741A40094D53B /* Frameworks */ = {
			isa = PBXFrameworksBuildPhase;
			files = (
			);
		};
/* End PBXFrameworksBuildPhase section */

/* Begin PBXGroup section */
		F1BE54DE307741A10094D53B = {
			isa = PBXGroup;
			children = (
				F1BE54E9307741A10094D53B /* TransferLab */,
				F1BE54F7307741A40094D53B /* TransferLabTests */,
				F1BE5501307741A40094D53B /* TransferLabUITests */,
				F1BE54E8307741A10094D53B /* Products */,
			);
			sourceTree = "<group>";
		};
		F1BE54E8307741A10094D53B /* Products */ = {
			isa = PBXGroup;
			children = (
				F1BE54E7307741A10094D53B /* TransferLab.app */,
				F1BE54F4307741A40094D53B /* TransferLabTests.xctest */,
				F1BE54FE307741A40094D53B /* TransferLabUITests.xctest */,
			);
			name = Products;
			sourceTree = "<group>";
		};
/* End PBXGroup section */

/* Begin PBXNativeTarget section */
		F1BE54E6307741A10094D53B /* TransferLab */ = {
			isa = PBXNativeTarget;
			buildConfigurationList = F1BE5506307741A40094D53B /* Build configuration list for PBXNativeTarget "TransferLab" */;
			buildPhases = (
				F1BE54E3307741A10094D53B /* Sources */,
				F1BE54E4307741A10094D53B /* Frameworks */,
				F1BE54E5307741A10094D53B /* Resources */,
			);
			buildRules = (
			);
			fileSystemSynchronizedGroups = (
				F1BE54E9307741A10094D53B /* TransferLab */,
			);
			name = TransferLab;
			productName = TransferLab;
			productReference = F1BE54E7307741A10094D53B /* TransferLab.app */;
			productType = "com.apple.product-type.application";
		};
		F1BE54F3307741A40094D53B /* TransferLabTests */ = {
			isa = PBXNativeTarget;
			buildConfigurationList = F1BE5509307741A40094D53B /* Build configuration list for PBXNativeTarget "TransferLabTests" */;
			buildPhases = (
				F1BE54F0307741A40094D53B /* Sources */,
				F1BE54F1307741A40094D53B /* Frameworks */,
				F1BE54F2307741A40094D53B /* Resources */,
			);
			buildRules = (
			);
			dependencies = (
				F1BE54F6307741A40094D53B /* PBXTargetDependency */,
			);
			fileSystemSynchronizedGroups = (
				F1BE54F7307741A40094D53B /* TransferLabTests */,
			);
			name = TransferLabTests;
			productName = TransferLabTests;
			productReference = F1BE54F4307741A40094D53B /* TransferLabTests.xctest */;
			productType = "com.apple.product-type.bundle.unit-test";
		};
		F1BE54FD307741A40094D53B /* TransferLabUITests */ = {
			isa = PBXNativeTarget;
			buildConfigurationList = F1BE550C307741A40094D53B /* Build configuration list for PBXNativeTarget "TransferLabUITests" */;
			buildPhases = (
				F1BE54FA307741A40094D53B /* Sources */,
				F1BE54FB307741A40094D53B /* Frameworks */,
				F1BE54FC307741A40094D53B /* Resources */,
			);
			buildRules = (
			);
			dependencies = (
				F1BE5500307741A40094D53B /* PBXTargetDependency */,
			);
			fileSystemSynchronizedGroups = (
				F1BE5501307741A40094D53B /* TransferLabUITests */,
			);
			name = TransferLabUITests;
			productName = TransferLabUITests;
			productReference = F1BE54FE307741A40094D53B /* TransferLabUITests.xctest */;
			productType = "com.apple.product-type.bundle.ui-testing";
		};
/* End PBXNativeTarget section */

/* Begin PBXProject section */
		F1BE54DF307741A10094D53B /* Project object */ = {
			isa = PBXProject;
			attributes = {
				BuildIndependentTargetsInParallel = 1;
				LastSwiftUpdateCheck = 2700;
				LastUpgradeCheck = 2700;
				TargetAttributes = {
					F1BE54E6307741A10094D53B = {
						CreatedOnToolsVersion = 27.0;
					};
					F1BE54F3307741A40094D53B = {
						CreatedOnToolsVersion = 27.0;
						TestTargetID = F1BE54E6307741A10094D53B;
					};
					F1BE54FD307741A40094D53B = {
						CreatedOnToolsVersion = 27.0;
						TestTargetID = F1BE54E6307741A10094D53B;
					};
				};
			};
			buildConfigurationList = F1BE54E2307741A10094D53B /* Build configuration list for PBXProject "TransferLab" */;
			developmentRegion = en;
			hasScannedForEncodings = 0;
			knownRegions = (
				en,
				Base,
			);
			mainGroup = F1BE54DE307741A10094D53B;
			minimizedProjectReferenceProxies = 1;
			preferredProjectObjectVersion = 77;
			productRefGroup = F1BE54E8307741A10094D53B /* Products */;
			projectDirPath = "";
			projectRoot = "";
			targets = (
				F1BE54E6307741A10094D53B /* TransferLab */,
				F1BE54F3307741A40094D53B /* TransferLabTests */,
				F1BE54FD307741A40094D53B /* TransferLabUITests */,
			);
		};
/* End PBXProject section */

/* Begin PBXResourcesBuildPhase section */
		F1BE54E5307741A10094D53B /* Resources */ = {
			isa = PBXResourcesBuildPhase;
			files = (
			);
		};
		F1BE54F2307741A40094D53B /* Resources */ = {
			isa = PBXResourcesBuildPhase;
			files = (
			);
		};
		F1BE54FC307741A40094D53B /* Resources */ = {
			isa = PBXResourcesBuildPhase;
			files = (
			);
		};
/* End PBXResourcesBuildPhase section */

/* Begin PBXSourcesBuildPhase section */
		F1BE54E3307741A10094D53B /* Sources */ = {
			isa = PBXSourcesBuildPhase;
			files = (
			);
		};
		F1BE54F0307741A40094D53B /* Sources */ = {
			isa = PBXSourcesBuildPhase;
			files = (
			);
		};
		F1BE54FA307741A40094D53B /* Sources */ = {
			isa = PBXSourcesBuildPhase;
			files = (
			);
		};
/* End PBXSourcesBuildPhase section */

/* Begin PBXTargetDependency section */
		F1BE54F6307741A40094D53B /* PBXTargetDependency */ = {
			isa = PBXTargetDependency;
			target = F1BE54E6307741A10094D53B /* TransferLab */;
			targetProxy = F1BE54F5307741A40094D53B /* PBXContainerItemProxy */;
		};
		F1BE5500307741A40094D53B /* PBXTargetDependency */ = {
			isa = PBXTargetDependency;
			target = F1BE54E6307741A10094D53B /* TransferLab */;
			targetProxy = F1BE54FF307741A40094D53B /* PBXContainerItemProxy */;
		};
/* End PBXTargetDependency section */

/* Begin XCBuildConfiguration section */
		F1BE5504307741A40094D53B /* Debug configuration for PBXProject "TransferLab" */ = {
			isa = XCBuildConfiguration;
			buildSettings = {
				ALWAYS_SEARCH_USER_PATHS = NO;
				ASSETCATALOG_COMPILER_GENERATE_SWIFT_ASSET_SYMBOL_EXTENSIONS = YES;
				CLANG_ANALYZER_NONNULL = YES;
				CLANG_ANALYZER_NUMBER_OBJECT_CONVERSION = YES_AGGRESSIVE;
				CLANG_CXX_LANGUAGE_STANDARD = "gnu++20";
				CLANG_ENABLE_MODULES = YES;
				CLANG_ENABLE_OBJC_ARC = YES;
				CLANG_ENABLE_OBJC_WEAK = YES;
				CLANG_WARN_BLOCK_CAPTURE_AUTORELEASING = YES;
				CLANG_WARN_BOOL_CONVERSION = YES;
				CLANG_WARN_COMMA = YES;
				CLANG_WARN_CONSTANT_CONVERSION = YES;
				CLANG_WARN_DEPRECATED_OBJC_IMPLEMENTATIONS = YES;
				CLANG_WARN_DIRECT_OBJC_ISA_USAGE = YES_ERROR;
				CLANG_WARN_DOCUMENTATION_COMMENTS = YES;
				CLANG_WARN_EMPTY_BODY = YES;
				CLANG_WARN_ENUM_CONVERSION = YES;
				CLANG_WARN_INFINITE_RECURSION = YES;
				CLANG_WARN_INT_CONVERSION = YES;
				CLANG_WARN_NON_LITERAL_NULL_CONVERSION = YES;
				CLANG_WARN_OBJC_IMPLICIT_RETAIN_SELF = YES;
				CLANG_WARN_OBJC_LITERAL_CONVERSION = YES;
				CLANG_WARN_OBJC_ROOT_CLASS = YES_ERROR;
				CLANG_WARN_QUOTED_INCLUDE_IN_FRAMEWORK_HEADER = YES;
				CLANG_WARN_RANGE_LOOP_ANALYSIS = YES;
				CLANG_WARN_STRICT_PROTOTYPES = YES;
				CLANG_WARN_SUSPICIOUS_MOVE = YES;
				CLANG_WARN_UNGUARDED_AVAILABILITY = YES_AGGRESSIVE;
				CLANG_WARN_UNREACHABLE_CODE = YES;
				CLANG_WARN__DUPLICATE_METHOD_MATCH = YES;
				COPY_PHASE_STRIP = NO;
				DEBUG_INFORMATION_FORMAT = dwarf;
				DEVELOPMENT_TEAM = 26K88C3DWU;
				ENABLE_STRICT_OBJC_MSGSEND = YES;
				ENABLE_TESTABILITY = YES;
				ENABLE_USER_SCRIPT_SANDBOXING = YES;
				GCC_C_LANGUAGE_STANDARD = gnu17;
				GCC_DYNAMIC_NO_PIC = NO;
				GCC_NO_COMMON_BLOCKS = YES;
				GCC_OPTIMIZATION_LEVEL = 0;
				GCC_PREPROCESSOR_DEFINITIONS = (
					"DEBUG=1",
					"$(inherited)",
				);
				GCC_WARN_64_TO_32_BIT_CONVERSION = YES;
				GCC_WARN_ABOUT_RETURN_TYPE = YES_ERROR;
				GCC_WARN_UNDECLARED_SELECTOR = YES;
				GCC_WARN_UNINITIALIZED_AUTOS = YES_AGGRESSIVE;
				GCC_WARN_UNUSED_FUNCTION = YES;
				GCC_WARN_UNUSED_VARIABLE = YES;
				IPHONEOS_DEPLOYMENT_TARGET = 27.0;
				LOCALIZATION_PREFERS_STRING_CATALOGS = YES;
				MTL_ENABLE_DEBUG_INFO = INCLUDE_SOURCE;
				MTL_FAST_MATH = YES;
				ONLY_ACTIVE_ARCH = YES;
				SDKROOT = iphoneos;
				SWIFT_ACTIVE_COMPILATION_CONDITIONS = "DEBUG $(inherited)";
				SWIFT_OPTIMIZATION_LEVEL = "-Onone";
			};
			name = Debug;
		};
		F1BE5505307741A40094D53B /* Release configuration for PBXProject "TransferLab" */ = {
			isa = XCBuildConfiguration;
			buildSettings = {
				ALWAYS_SEARCH_USER_PATHS = NO;
				ASSETCATALOG_COMPILER_GENERATE_SWIFT_ASSET_SYMBOL_EXTENSIONS = YES;
				CLANG_ANALYZER_NONNULL = YES;
				CLANG_ANALYZER_NUMBER_OBJECT_CONVERSION = YES_AGGRESSIVE;
				CLANG_CXX_LANGUAGE_STANDARD = "gnu++20";
				CLANG_ENABLE_MODULES = YES;
				CLANG_ENABLE_OBJC_ARC = YES;
				CLANG_ENABLE_OBJC_WEAK = YES;
				CLANG_WARN_BLOCK_CAPTURE_AUTORELEASING = YES;
				CLANG_WARN_BOOL_CONVERSION = YES;
				CLANG_WARN_COMMA = YES;
				CLANG_WARN_CONSTANT_CONVERSION = YES;
				CLANG_WARN_DEPRECATED_OBJC_IMPLEMENTATIONS = YES;
				CLANG_WARN_DIRECT_OBJC_ISA_USAGE = YES_ERROR;
				CLANG_WARN_DOCUMENTATION_COMMENTS = YES;
				CLANG_WARN_EMPTY_BODY = YES;
				CLANG_WARN_ENUM_CONVERSION = YES;
				CLANG_WARN_INFINITE_RECURSION = YES;
				CLANG_WARN_INT_CONVERSION = YES;
				CLANG_WARN_NON_LITERAL_NULL_CONVERSION = YES;
				CLANG_WARN_OBJC_IMPLICIT_RETAIN_SELF = YES;
				CLANG_WARN_OBJC_LITERAL_CONVERSION = YES;
				CLANG_WARN_OBJC_ROOT_CLASS = YES_ERROR;
				CLANG_WARN_QUOTED_INCLUDE_IN_FRAMEWORK_HEADER = YES;
				CLANG_WARN_RANGE_LOOP_ANALYSIS = YES;
				CLANG_WARN_STRICT_PROTOTYPES = YES;
				CLANG_WARN_SUSPICIOUS_MOVE = YES;
				CLANG_WARN_UNGUARDED_AVAILABILITY = YES_AGGRESSIVE;
				CLANG_WARN_UNREACHABLE_CODE = YES;
				CLANG_WARN__DUPLICATE_METHOD_MATCH = YES;
				COPY_PHASE_STRIP = NO;
				DEBUG_INFORMATION_FORMAT = "dwarf-with-dsym";
				DEVELOPMENT_TEAM = 26K88C3DWU;
				ENABLE_NS_ASSERTIONS = NO;
				ENABLE_STRICT_OBJC_MSGSEND = YES;
				ENABLE_USER_SCRIPT_SANDBOXING = YES;
				GCC_C_LANGUAGE_STANDARD = gnu17;
				GCC_NO_COMMON_BLOCKS = YES;
				GCC_WARN_64_TO_32_BIT_CONVERSION = YES;
				GCC_WARN_ABOUT_RETURN_TYPE = YES_ERROR;
				GCC_WARN_UNDECLARED_SELECTOR = YES;
				GCC_WARN_UNINITIALIZED_AUTOS = YES_AGGRESSIVE;
				GCC_WARN_UNUSED_FUNCTION = YES;
				GCC_WARN_UNUSED_VARIABLE = YES;
				IPHONEOS_DEPLOYMENT_TARGET = 27.0;
				LOCALIZATION_PREFERS_STRING_CATALOGS = YES;
				MTL_ENABLE_DEBUG_INFO = NO;
				MTL_FAST_MATH = YES;
				SDKROOT = iphoneos;
				SWIFT_COMPILATION_MODE = wholemodule;
				VALIDATE_PRODUCT = YES;
			};
			name = Release;
		};
		F1BE5507307741A40094D53B /* Debug configuration for PBXNativeTarget "TransferLab" */ = {
			isa = XCBuildConfiguration;
			buildSettings = {
				ASSETCATALOG_COMPILER_APPICON_NAME = AppIcon;
				ASSETCATALOG_COMPILER_GLOBAL_ACCENT_COLOR_NAME = AccentColor;
				CODE_SIGN_STYLE = Automatic;
				CURRENT_PROJECT_VERSION = 1;
				DEVELOPMENT_TEAM = 26K88C3DWU;
				ENABLE_PREVIEWS = YES;
				GENERATE_INFOPLIST_FILE = YES;
				INFOPLIST_KEY_UIApplicationSceneManifest_Generation = YES;
				INFOPLIST_KEY_UIApplicationSupportsIndirectInputEvents = YES;
				INFOPLIST_KEY_UILaunchScreen_Generation = YES;
				INFOPLIST_KEY_UISupportedInterfaceOrientations_iPad = "UIInterfaceOrientationPortrait UIInterfaceOrientationPortraitUpsideDown UIInterfaceOrientationLandscapeLeft UIInterfaceOrientationLandscapeRight";
				INFOPLIST_KEY_UISupportedInterfaceOrientations_iPhone = "UIInterfaceOrientationPortrait UIInterfaceOrientationLandscapeLeft UIInterfaceOrientationLandscapeRight";
				LD_RUNPATH_SEARCH_PATHS = (
					"$(inherited)",
					"@executable_path/Frameworks",
				);
				MARKETING_VERSION = 1.0;
				PRODUCT_BUNDLE_IDENTIFIER = luanrodrigues.TransferLab;
				PRODUCT_NAME = "$(TARGET_NAME)";
				STRING_CATALOG_GENERATE_SYMBOLS = YES;
				SWIFT_APPROACHABLE_CONCURRENCY = YES;
				SWIFT_DEFAULT_ACTOR_ISOLATION = MainActor;
				SWIFT_EMIT_LOC_STRINGS = YES;
				SWIFT_UPCOMING_FEATURE_MEMBER_IMPORT_VISIBILITY = YES;
				SWIFT_VERSION = 5.0;
				TARGETED_DEVICE_FAMILY = "1,2";
			};
			name = Debug;
		};
		F1BE5508307741A40094D53B /* Release configuration for PBXNativeTarget "TransferLab" */ = {
			isa = XCBuildConfiguration;
			buildSettings = {
				ASSETCATALOG_COMPILER_APPICON_NAME = AppIcon;
				ASSETCATALOG_COMPILER_GLOBAL_ACCENT_COLOR_NAME = AccentColor;
				CODE_SIGN_STYLE = Automatic;
				CURRENT_PROJECT_VERSION = 1;
				DEVELOPMENT_TEAM = 26K88C3DWU;
				ENABLE_PREVIEWS = YES;
				GENERATE_INFOPLIST_FILE = YES;
				INFOPLIST_KEY_UIApplicationSceneManifest_Generation = YES;
				INFOPLIST_KEY_UIApplicationSupportsIndirectInputEvents = YES;
				INFOPLIST_KEY_UILaunchScreen_Generation = YES;
				INFOPLIST_KEY_UISupportedInterfaceOrientations_iPad = "UIInterfaceOrientationPortrait UIInterfaceOrientationPortraitUpsideDown UIInterfaceOrientationLandscapeLeft UIInterfaceOrientationLandscapeRight";
				INFOPLIST_KEY_UISupportedInterfaceOrientations_iPhone = "UIInterfaceOrientationPortrait UIInterfaceOrientationLandscapeLeft UIInterfaceOrientationLandscapeRight";
				LD_RUNPATH_SEARCH_PATHS = (
					"$(inherited)",
					"@executable_path/Frameworks",
				);
				MARKETING_VERSION = 1.0;
				PRODUCT_BUNDLE_IDENTIFIER = luanrodrigues.TransferLab;
				PRODUCT_NAME = "$(TARGET_NAME)";
				STRING_CATALOG_GENERATE_SYMBOLS = YES;
				SWIFT_APPROACHABLE_CONCURRENCY = YES;
				SWIFT_DEFAULT_ACTOR_ISOLATION = MainActor;
				SWIFT_EMIT_LOC_STRINGS = YES;
				SWIFT_UPCOMING_FEATURE_MEMBER_IMPORT_VISIBILITY = YES;
				SWIFT_VERSION = 5.0;
				TARGETED_DEVICE_FAMILY = "1,2";
			};
			name = Release;
		};
		F1BE550A307741A40094D53B /* Debug configuration for PBXNativeTarget "TransferLabTests" */ = {
			isa = XCBuildConfiguration;
			buildSettings = {
				BUNDLE_LOADER = "$(TEST_HOST)";
				CODE_SIGN_STYLE = Automatic;
				CURRENT_PROJECT_VERSION = 1;
				DEVELOPMENT_TEAM = 26K88C3DWU;
				GENERATE_INFOPLIST_FILE = YES;
				IPHONEOS_DEPLOYMENT_TARGET = 27.0;
				MARKETING_VERSION = 1.0;
				PRODUCT_BUNDLE_IDENTIFIER = luanrodrigues.TransferLabTests;
				PRODUCT_NAME = "$(TARGET_NAME)";
				STRING_CATALOG_GENERATE_SYMBOLS = NO;
				SWIFT_APPROACHABLE_CONCURRENCY = YES;
				SWIFT_EMIT_LOC_STRINGS = NO;
				SWIFT_UPCOMING_FEATURE_MEMBER_IMPORT_VISIBILITY = YES;
				SWIFT_VERSION = 5.0;
				TARGETED_DEVICE_FAMILY = "1,2";
				TEST_HOST = "$(BUILT_PRODUCTS_DIR)/TransferLab.app/$(BUNDLE_EXECUTABLE_FOLDER_PATH)/TransferLab";
			};
			name = Debug;
		};
		F1BE550B307741A40094D53B /* Release configuration for PBXNativeTarget "TransferLabTests" */ = {
			isa = XCBuildConfiguration;
			buildSettings = {
				BUNDLE_LOADER = "$(TEST_HOST)";
				CODE_SIGN_STYLE = Automatic;
				CURRENT_PROJECT_VERSION = 1;
				DEVELOPMENT_TEAM = 26K88C3DWU;
				GENERATE_INFOPLIST_FILE = YES;
				IPHONEOS_DEPLOYMENT_TARGET = 27.0;
				MARKETING_VERSION = 1.0;
				PRODUCT_BUNDLE_IDENTIFIER = luanrodrigues.TransferLabTests;
				PRODUCT_NAME = "$(TARGET_NAME)";
				STRING_CATALOG_GENERATE_SYMBOLS = NO;
				SWIFT_APPROACHABLE_CONCURRENCY = YES;
				SWIFT_EMIT_LOC_STRINGS = NO;
				SWIFT_UPCOMING_FEATURE_MEMBER_IMPORT_VISIBILITY = YES;
				SWIFT_VERSION = 5.0;
				TARGETED_DEVICE_FAMILY = "1,2";
				TEST_HOST = "$(BUILT_PRODUCTS_DIR)/TransferLab.app/$(BUNDLE_EXECUTABLE_FOLDER_PATH)/TransferLab";
			};
			name = Release;
		};
		F1BE550D307741A40094D53B /* Debug configuration for PBXNativeTarget "TransferLabUITests" */ = {
			isa = XCBuildConfiguration;
			buildSettings = {
				CODE_SIGN_STYLE = Automatic;
				CURRENT_PROJECT_VERSION = 1;
				DEVELOPMENT_TEAM = 26K88C3DWU;
				GENERATE_INFOPLIST_FILE = YES;
				MARKETING_VERSION = 1.0;
				PRODUCT_BUNDLE_IDENTIFIER = luanrodrigues.TransferLabUITests;
				PRODUCT_NAME = "$(TARGET_NAME)";
				STRING_CATALOG_GENERATE_SYMBOLS = NO;
				SWIFT_APPROACHABLE_CONCURRENCY = YES;
				SWIFT_EMIT_LOC_STRINGS = NO;
				SWIFT_UPCOMING_FEATURE_MEMBER_IMPORT_VISIBILITY = YES;
				SWIFT_VERSION = 5.0;
				TARGETED_DEVICE_FAMILY = "1,2";
				TEST_TARGET_NAME = TransferLab;
			};
			name = Debug;
		};
		F1BE550E307741A40094D53B /* Release configuration for PBXNativeTarget "TransferLabUITests" */ = {
			isa = XCBuildConfiguration;
			buildSettings = {
				CODE_SIGN_STYLE = Automatic;
				CURRENT_PROJECT_VERSION = 1;
				DEVELOPMENT_TEAM = 26K88C3DWU;
				GENERATE_INFOPLIST_FILE = YES;
				MARKETING_VERSION = 1.0;
				PRODUCT_BUNDLE_IDENTIFIER = luanrodrigues.TransferLabUITests;
				PRODUCT_NAME = "$(TARGET_NAME)";
				STRING_CATALOG_GENERATE_SYMBOLS = NO;
				SWIFT_APPROACHABLE_CONCURRENCY = YES;
				SWIFT_EMIT_LOC_STRINGS = NO;
				SWIFT_UPCOMING_FEATURE_MEMBER_IMPORT_VISIBILITY = YES;
				SWIFT_VERSION = 5.0;
				TARGETED_DEVICE_FAMILY = "1,2";
				TEST_TARGET_NAME = TransferLab;
			};
			name = Release;
		};
/* End XCBuildConfiguration section */

/* Begin XCConfigurationList section */
		F1BE54E2307741A10094D53B /* Build configuration list for PBXProject "TransferLab" */ = {
			isa = XCConfigurationList;
			buildConfigurations = (
				F1BE5504307741A40094D53B /* Debug configuration for PBXProject "TransferLab" */,
				F1BE5505307741A40094D53B /* Release configuration for PBXProject "TransferLab" */,
			);
			defaultConfigurationName = Release;
		};
		F1BE5506307741A40094D53B /* Build configuration list for PBXNativeTarget "TransferLab" */ = {
			isa = XCConfigurationList;
			buildConfigurations = (
				F1BE5507307741A40094D53B /* Debug configuration for PBXNativeTarget "TransferLab" */,
				F1BE5508307741A40094D53B /* Release configuration for PBXNativeTarget "TransferLab" */,
			);
			defaultConfigurationName = Release;
		};
		F1BE5509307741A40094D53B /* Build configuration list for PBXNativeTarget "TransferLabTests" */ = {
			isa = XCConfigurationList;
			buildConfigurations = (
				F1BE550A307741A40094D53B /* Debug configuration for PBXNativeTarget "TransferLabTests" */,
				F1BE550B307741A40094D53B /* Release configuration for PBXNativeTarget "TransferLabTests" */,
			);
			defaultConfigurationName = Release;
		};
		F1BE550C307741A40094D53B /* Build configuration list for PBXNativeTarget "TransferLabUITests" */ = {
			isa = XCConfigurationList;
			buildConfigurations = (
				F1BE550D307741A40094D53B /* Debug configuration for PBXNativeTarget "TransferLabUITests" */,
				F1BE550E307741A40094D53B /* Release configuration for PBXNativeTarget "TransferLabUITests" */,
			);
			defaultConfigurationName = Release;
		};
/* End XCConfigurationList section */
	};
	rootObject = F1BE54DF307741A10094D53B /* Project object */;
	validationLevel = 1;
}
